# This file is automatically @generated by Poetry 1.8.2 and should not be changed by hand.

[[package]]
name = "gdal"
version = "3.3.0"
description = "GDAL: Geospatial Data Abstraction Library"
optional = false
python-versions = ">=3.6.0"
files = [
    {file = "GDAL-3.3.0.tar.gz", hash = "sha256:ed314a0b3f8b3729a9f6d8ca23f21473c2ff4a946d1a2969e0a1937bf0f4e700"},
]

[package.extras]
numpy = ["numpy (>1.0.0)"]

[metadata]
lock-version = "2.0"
python-versions = ">=3.12,<3.13"
content-hash = "312b7c5a637442c81b359ccb1cbac196e7138ec21c4f65ee77bd8bc6ccd7a638"
