# This file is automatically @generated by Poetry 1.8.2 and should not be changed by hand.

[[package]]
name = "ezdxf"
version = "1.4.2"
description = "A Python package to create/manipulate DXF drawings."
optional = false
python-versions = ">=3.9"
files = [
    {file = "ezdxf-1.4.2-cp310-cp310-macosx_10_9_universal2.whl", hash = "sha256:94e62d4da459d86e6d1630c09109b7b6fd9672f7ff8fab4eb9d3c91f75e0a18e"},
    {file = "ezdxf-1.4.2-cp310-cp310-macosx_10_9_x86_64.whl", hash = "sha256:63aae1eb68aa30e1bbee38886e5b8bf602c9a4a0b672f0b2b31c5cdb29d6c533"},
    {file = "ezdxf-1.4.2-cp310-cp310-macosx_11_0_arm64.whl", hash = "sha256:e9be4845d36c949fb6a2a134802c5e506ed28dc31af254b41316c3040793c820"},
    {file = "ezdxf-1.4.2-cp310-cp310-manylinux_2_17_aarch64.manylinux2014_aarch64.whl", hash = "sha256:eeebf15e4e279c665f957e3ab54f6ac58016f5af802e1175b7cd526d132b8afc"},
    {file = "ezdxf-1.4.2-cp310-cp310-manylinux_2_17_x86_64.manylinux2014_x86_64.whl", hash = "sha256:9c24962de1f15b3cf2ea1af1d23a59e78eaa31031781459372e4cede0ff34d8e"},
    {file = "ezdxf-1.4.2-cp310-cp310-musllinux_1_2_aarch64.whl", hash = "sha256:0842c65ab1832adfbc21c93eb450c2598e1c2257c3a65d3f2a0fbb1cf98ac6d8"},
    {file = "ezdxf-1.4.2-cp310-cp310-musllinux_1_2_x86_64.whl", hash = "sha256:e59bfd11c1011e694a32ed1480cb7ce58143e7d5bd5b3514c5458c825498efaf"},
    {file = "ezdxf-1.4.2-cp310-cp310-win_amd64.whl", hash = "sha256:1245cb055aa2a09001578a6379b57e89259c0e59326bae71ab1a95c625b49aaa"},
    {file = "ezdxf-1.4.2-cp311-cp311-macosx_10_9_universal2.whl", hash = "sha256:e7cc99c43afb5d9e5f29356a1bb04bc736624c75f46e2abbc80129c1287c8482"},
    {file = "ezdxf-1.4.2-cp311-cp311-macosx_10_9_x86_64.whl", hash = "sha256:022de8cfaa5bf906e080968036c441b401938ae42402146a553bb756379aefa8"},
    {file = "ezdxf-1.4.2-cp311-cp311-macosx_11_0_arm64.whl", hash = "sha256:99f7826b7a26e5d1e8bea84e9699b6d8770195db3bd3103ef20fffc95aa6848e"},
    {file = "ezdxf-1.4.2-cp311-cp311-manylinux_2_17_aarch64.manylinux2014_aarch64.whl", hash = "sha256:311c03113f7e5f70d28eaff076b2c76d7cebec3576d5b032d91c327871069f21"},
    {file = "ezdxf-1.4.2-cp311-cp311-manylinux_2_17_x86_64.manylinux2014_x86_64.whl", hash = "sha256:87f7532332abb004eff1d62e674a6d5c1ae2a91c0a92288ef817b1ed55fcaa97"},
    {file = "ezdxf-1.4.2-cp311-cp311-musllinux_1_2_aarch64.whl", hash = "sha256:1b0e461cb4ed897766e961b4ffe12fe699a23920d938a24419f69d7c9e9f58b4"},
    {file = "ezdxf-1.4.2-cp311-cp311-musllinux_1_2_x86_64.whl", hash = "sha256:6c94f388c52e9e22604fab2f81a320c8a2fd0af7a997cdeda7f378c64e8e4f7e"},
    {file = "ezdxf-1.4.2-cp311-cp311-win_amd64.whl", hash = "sha256:39444da78154973c373194c2c2a27f8d035b4a4b3a55a280419f3ae252041e95"},
    {file = "ezdxf-1.4.2-cp312-cp312-macosx_10_13_universal2.whl", hash = "sha256:b76192a8e71eb6504a7be141a3d66b07643412e8545697b1c061f8ae6dcf9426"},
    {file = "ezdxf-1.4.2-cp312-cp312-macosx_10_13_x86_64.whl", hash = "sha256:115960f84eb31e8ce4e99826b260587b15f916b072a96f133d5da967ce1f3139"},
    {file = "ezdxf-1.4.2-cp312-cp312-macosx_11_0_arm64.whl", hash = "sha256:960033f83f7ab395886eba203c6f3fcb82360b68eab30cb405894c39b8e3fff4"},
    {file = "ezdxf-1.4.2-cp312-cp312-manylinux_2_17_aarch64.manylinux2014_aarch64.whl", hash = "sha256:8a19ccd52b71e584f72b409767b4447d77a08c726323066c7d60a28fb6db2062"},
    {file = "ezdxf-1.4.2-cp312-cp312-manylinux_2_17_x86_64.manylinux2014_x86_64.whl", hash = "sha256:8186acc6c44a78d2d21dd6ac9e21fddea037d6b3040f17201f2a7d9349bde244"},
    {file = "ezdxf-1.4.2-cp312-cp312-musllinux_1_2_aarch64.whl", hash = "sha256:18e49cd3affa5ac4f3bfb0592de6570c45440d26325a2c659ddf4933c198f29a"},
    {file = "ezdxf-1.4.2-cp312-cp312-musllinux_1_2_x86_64.whl", hash = "sha256:f47dca5d0db84e49eeaa6dad1f9c260a59c16a8d737a648aa8fd50258b44a91a"},
    {file = "ezdxf-1.4.2-cp312-cp312-win_amd64.whl", hash = "sha256:ba1aac159807aafd95d865f449d44f00ed041e51dadc50c2aabe9d5569303391"},
    {file = "ezdxf-1.4.2-cp313-cp313-macosx_10_13_universal2.whl", hash = "sha256:f2f09b19b8b9d5b820d4bac7e1857f5bb945193d6bc3d28fe7236d4ccfe5abf3"},
    {file = "ezdxf-1.4.2-cp313-cp313-macosx_10_13_x86_64.whl", hash = "sha256:7c8938151c4bce83daa7079260907991482d86a525adbd90f2ed47e3dc649dce"},
    {file = "ezdxf-1.4.2-cp313-cp313-macosx_11_0_arm64.whl", hash = "sha256:086d906c50b93ae5919cc006f6ff8fdf304833fc6abf8cb6e006fa4a7b81eaf7"},
    {file = "ezdxf-1.4.2-cp313-cp313-manylinux_2_17_aarch64.manylinux2014_aarch64.whl", hash = "sha256:9d6e79acbe0de94e88b9354c7f83453497ca99a148451ffea3dd78b939b70491"},
    {file = "ezdxf-1.4.2-cp313-cp313-manylinux_2_17_x86_64.manylinux2014_x86_64.whl", hash = "sha256:ddd7a5d6969dac89eab04df9eac26e77c5928e09e1c5a0d3334c1cbb74e2672e"},
    {file = "ezdxf-1.4.2-cp313-cp313-musllinux_1_2_aarch64.whl", hash = "sha256:65804566f482bf9fd4f488fdc485345c9c30e0fa487af61e6c6f40c7dc8c7664"},
    {file = "ezdxf-1.4.2-cp313-cp313-musllinux_1_2_x86_64.whl", hash = "sha256:49eda3b953966d1823ae2eef6fbfa99af9b1e4d4f7ddc6ed715df260b46b748d"},
    {file = "ezdxf-1.4.2-cp313-cp313-win_amd64.whl", hash = "sha256:9ff11c19a7701e3b05b6ae0f4af4aa7f216fbdb43f10a197b71738b78f9ce1dd"},
    {file = "ezdxf-1.4.2-cp39-cp39-macosx_10_9_universal2.whl", hash = "sha256:9d15f33434ba85665eb788aee11e7b6f05907f660b6f257becbe7f79e0c129b6"},
    {file = "ezdxf-1.4.2-cp39-cp39-macosx_10_9_x86_64.whl", hash = "sha256:bc91b3dd777208c61ae954553748b8ad1ce9c6dc7479167122eaec636bc7109e"},
    {file = "ezdxf-1.4.2-cp39-cp39-macosx_11_0_arm64.whl", hash = "sha256:ee46ebdeb9462c928cc4c1e0135ad1acd523dd6891e606654db1044e2b51b556"},
    {file = "ezdxf-1.4.2-cp39-cp39-manylinux_2_17_aarch64.manylinux2014_aarch64.whl", hash = "sha256:7a6b42f95c88932092dd228e517a093cb8e233f84ad51264e1ad424cba19cbde"},
    {file = "ezdxf-1.4.2-cp39-cp39-manylinux_2_5_x86_64.manylinux1_x86_64.manylinux_2_12_x86_64.manylinux2010_x86_64.whl", hash = "sha256:e2ec575b5cd5d8b1d26ac017e90c4f5602f6154d2b26146d176b86e22de8496e"},
    {file = "ezdxf-1.4.2-cp39-cp39-musllinux_1_1_x86_64.whl", hash = "sha256:6e286e05674a0037d1a69dca1cce1c85b01fefb5c256c4f1d802b186ba0b504a"},
    {file = "ezdxf-1.4.2-cp39-cp39-musllinux_1_2_aarch64.whl", hash = "sha256:9e01a5a058f694f4627f62cd8e8b96184bfac905e62c9d4d48cdfffdddd41441"},
    {file = "ezdxf-1.4.2-cp39-cp39-win_amd64.whl", hash = "sha256:e3bfc0371dae058ab6b585f9054f7b9b30a5662d167210cf59acac8c11fd16ae"},
    {file = "ezdxf-1.4.2-py3-none-any.whl", hash = "sha256:86c9dd9102f7c2ce9e3fb5a31ca7785f563290b8a00372742687f658aff575a0"},
    {file = "ezdxf-1.4.2.tar.gz", hash = "sha256:1fb8edf5bc10dbd83f61f56f2058af4296cd8d817307dae2cbd7be9d665bf726"},
]

[package.dependencies]
fonttools = "*"
numpy = "*"
pyparsing = ">=2.0.1"
typing_extensions = ">=4.6.0"

[package.extras]
dev = ["Cython", "Pillow", "PyMuPDF (>=1.20.0)", "PySide6", "matplotlib", "pytest", "setuptools", "wheel"]
dev5 = ["Cython", "Pillow", "PyMuPDF (>=1.20.0)", "PyQt5", "matplotlib", "pytest", "setuptools", "wheel"]
draw = ["Pillow", "PyMuPDF (>=1.20.0)", "PySide6", "matplotlib"]
draw5 = ["Pillow", "PyMuPDF (>=1.20.0)", "PyQt5", "matplotlib"]

[[package]]
name = "fonttools"
version = "4.59.0"
description = "Tools to manipulate font files"
optional = false
python-versions = ">=3.9"
files = [
    {file = "fonttools-4.59.0-cp310-cp310-macosx_10_9_universal2.whl", hash = "sha256:524133c1be38445c5c0575eacea42dbd44374b310b1ffc4b60ff01d881fabb96"},
    {file = "fonttools-4.59.0-cp310-cp310-macosx_10_9_x86_64.whl", hash = "sha256:21e606b2d38fed938dde871c5736822dd6bda7a4631b92e509a1f5cd1b90c5df"},
    {file = "fonttools-4.59.0-cp310-cp310-manylinux2014_aarch64.manylinux_2_17_aarch64.manylinux_2_28_aarch64.whl", hash = "sha256:e93df708c69a193fc7987192f94df250f83f3851fda49413f02ba5dded639482"},
    {file = "fonttools-4.59.0-cp310-cp310-manylinux2014_x86_64.manylinux_2_17_x86_64.whl", hash = "sha256:62224a9bb85b4b66d1b46d45cbe43d71cbf8f527d332b177e3b96191ffbc1e64"},
    {file = "fonttools-4.59.0-cp310-cp310-musllinux_1_2_aarch64.whl", hash = "sha256:b8974b2a266b54c96709bd5e239979cddfd2dbceed331aa567ea1d7c4a2202db"},
    {file = "fonttools-4.59.0-cp310-cp310-musllinux_1_2_x86_64.whl", hash = "sha256:209b75943d158f610b78320eacb5539aa9e920bee2c775445b2846c65d20e19d"},
    {file = "fonttools-4.59.0-cp310-cp310-win32.whl", hash = "sha256:4c908a7036f0f3677f8afa577bcd973e3e20ddd2f7c42a33208d18bee95cdb6f"},
    {file = "fonttools-4.59.0-cp310-cp310-win_amd64.whl", hash = "sha256:8b4309a2775e4feee7356e63b163969a215d663399cce1b3d3b65e7ec2d9680e"},
    {file = "fonttools-4.59.0-cp311-cp311-macosx_10_9_universal2.whl", hash = "sha256:841b2186adce48903c0fef235421ae21549020eca942c1da773ac380b056ab3c"},
    {file = "fonttools-4.59.0-cp311-cp311-macosx_10_9_x86_64.whl", hash = "sha256:9bcc1e77fbd1609198966ded6b2a9897bd6c6bcbd2287a2fc7d75f1a254179c5"},
    {file = "fonttools-4.59.0-cp311-cp311-manylinux2014_aarch64.manylinux_2_17_aarch64.manylinux_2_28_aarch64.whl", hash = "sha256:37c377f7cb2ab2eca8a0b319c68146d34a339792f9420fca6cd49cf28d370705"},
    {file = "fonttools-4.59.0-cp311-cp311-manylinux2014_x86_64.manylinux_2_17_x86_64.whl", hash = "sha256:fa39475eaccb98f9199eccfda4298abaf35ae0caec676ffc25b3a5e224044464"},
    {file = "fonttools-4.59.0-cp311-cp311-musllinux_1_2_aarch64.whl", hash = "sha256:d3972b13148c1d1fbc092b27678a33b3080d1ac0ca305742b0119b75f9e87e38"},
    {file = "fonttools-4.59.0-cp311-cp311-musllinux_1_2_x86_64.whl", hash = "sha256:a408c3c51358c89b29cfa5317cf11518b7ce5de1717abb55c5ae2d2921027de6"},
    {file = "fonttools-4.59.0-cp311-cp311-win32.whl", hash = "sha256:6770d7da00f358183d8fd5c4615436189e4f683bdb6affb02cad3d221d7bb757"},
    {file = "fonttools-4.59.0-cp311-cp311-win_amd64.whl", hash = "sha256:84fc186980231a287b28560d3123bd255d3c6b6659828c642b4cf961e2b923d0"},
    {file = "fonttools-4.59.0-cp312-cp312-macosx_10_13_universal2.whl", hash = "sha256:f9b3a78f69dcbd803cf2fb3f972779875b244c1115481dfbdd567b2c22b31f6b"},
    {file = "fonttools-4.59.0-cp312-cp312-macosx_10_13_x86_64.whl", hash = "sha256:57bb7e26928573ee7c6504f54c05860d867fd35e675769f3ce01b52af38d48e2"},
    {file = "fonttools-4.59.0-cp312-cp312-manylinux1_x86_64.manylinux2014_x86_64.manylinux_2_17_x86_64.manylinux_2_5_x86_64.whl", hash = "sha256:4536f2695fe5c1ffb528d84a35a7d3967e5558d2af58b4775e7ab1449d65767b"},
    {file = "fonttools-4.59.0-cp312-cp312-manylinux2014_aarch64.manylinux_2_17_aarch64.manylinux_2_28_aarch64.whl", hash = "sha256:885bde7d26e5b40e15c47bd5def48b38cbd50830a65f98122a8fb90962af7cd1"},
    {file = "fonttools-4.59.0-cp312-cp312-musllinux_1_2_aarch64.whl", hash = "sha256:6801aeddb6acb2c42eafa45bc1cb98ba236871ae6f33f31e984670b749a8e58e"},
    {file = "fonttools-4.59.0-cp312-cp312-musllinux_1_2_x86_64.whl", hash = "sha256:31003b6a10f70742a63126b80863ab48175fb8272a18ca0846c0482968f0588e"},
    {file = "fonttools-4.59.0-cp312-cp312-win32.whl", hash = "sha256:fbce6dae41b692a5973d0f2158f782b9ad05babc2c2019a970a1094a23909b1b"},
    {file = "fonttools-4.59.0-cp312-cp312-win_amd64.whl", hash = "sha256:332bfe685d1ac58ca8d62b8d6c71c2e52a6c64bc218dc8f7825c9ea51385aa01"},
    {file = "fonttools-4.59.0-cp313-cp313-macosx_10_13_universal2.whl", hash = "sha256:78813b49d749e1bb4db1c57f2d4d7e6db22c253cb0a86ad819f5dc197710d4b2"},
    {file = "fonttools-4.59.0-cp313-cp313-macosx_10_13_x86_64.whl", hash = "sha256:401b1941ce37e78b8fd119b419b617277c65ae9417742a63282257434fd68ea2"},
    {file = "fonttools-4.59.0-cp313-cp313-manylinux1_x86_64.manylinux2014_x86_64.manylinux_2_17_x86_64.manylinux_2_5_x86_64.whl", hash = "sha256:efd7e6660674e234e29937bc1481dceb7e0336bfae75b856b4fb272b5093c5d4"},
    {file = "fonttools-4.59.0-cp313-cp313-manylinux2014_aarch64.manylinux_2_17_aarch64.manylinux_2_28_aarch64.whl", hash = "sha256:51ab1ff33c19e336c02dee1e9fd1abd974a4ca3d8f7eef2a104d0816a241ce97"},
    {file = "fonttools-4.59.0-cp313-cp313-musllinux_1_2_aarch64.whl", hash = "sha256:a9bf8adc9e1f3012edc8f09b08336272aec0c55bc677422273e21280db748f7c"},
    {file = "fonttools-4.59.0-cp313-cp313-musllinux_1_2_x86_64.whl", hash = "sha256:37e01c6ec0c98599778c2e688350d624fa4770fbd6144551bd5e032f1199171c"},
    {file = "fonttools-4.59.0-cp313-cp313-win32.whl", hash = "sha256:70d6b3ceaa9cc5a6ac52884f3b3d9544e8e231e95b23f138bdb78e6d4dc0eae3"},
    {file = "fonttools-4.59.0-cp313-cp313-win_amd64.whl", hash = "sha256:26731739daa23b872643f0e4072d5939960237d540c35c14e6a06d47d71ca8fe"},
    {file = "fonttools-4.59.0-cp39-cp39-macosx_10_9_universal2.whl", hash = "sha256:8d77f92438daeaddc05682f0f3dac90c5b9829bcac75b57e8ce09cb67786073c"},
    {file = "fonttools-4.59.0-cp39-cp39-macosx_10_9_x86_64.whl", hash = "sha256:60f6665579e909b618282f3c14fa0b80570fbf1ee0e67678b9a9d43aa5d67a37"},
    {file = "fonttools-4.59.0-cp39-cp39-manylinux2014_aarch64.manylinux_2_17_aarch64.manylinux_2_28_aarch64.whl", hash = "sha256:169b99a2553a227f7b5fea8d9ecd673aa258617f466b2abc6091fe4512a0dcd0"},
    {file = "fonttools-4.59.0-cp39-cp39-manylinux2014_x86_64.manylinux_2_17_x86_64.whl", hash = "sha256:052444a5d0151878e87e3e512a1aa1a0ab35ee4c28afde0a778e23b0ace4a7de"},
    {file = "fonttools-4.59.0-cp39-cp39-musllinux_1_2_aarch64.whl", hash = "sha256:d40dcf533ca481355aa7b682e9e079f766f35715defa4929aeb5597f9604272e"},
    {file = "fonttools-4.59.0-cp39-cp39-musllinux_1_2_x86_64.whl", hash = "sha256:b818db35879d2edf7f46c7e729c700a0bce03b61b9412f5a7118406687cb151d"},
    {file = "fonttools-4.59.0-cp39-cp39-win32.whl", hash = "sha256:2e7cf8044ce2598bb87e44ba1d2c6e45d7a8decf56055b92906dc53f67c76d64"},
    {file = "fonttools-4.59.0-cp39-cp39-win_amd64.whl", hash = "sha256:902425f5afe28572d65d2bf9c33edd5265c612ff82c69e6f83ea13eafc0dcbea"},
    {file = "fonttools-4.59.0-py3-none-any.whl", hash = "sha256:241313683afd3baacb32a6bd124d0bce7404bc5280e12e291bae1b9bba28711d"},
    {file = "fonttools-4.59.0.tar.gz", hash = "sha256:be392ec3529e2f57faa28709d60723a763904f71a2b63aabe14fee6648fe3b14"},
]

[package.extras]
all = ["brotli (>=1.0.1)", "brotlicffi (>=0.8.0)", "lxml (>=4.0)", "lz4 (>=1.7.4.2)", "matplotlib", "munkres", "pycairo", "scipy", "skia-pathops (>=0.5.0)", "sympy", "uharfbuzz (>=0.23.0)", "unicodedata2 (>=15.1.0)", "xattr", "zopfli (>=0.1.4)"]
graphite = ["lz4 (>=1.7.4.2)"]
interpolatable = ["munkres", "pycairo", "scipy"]
lxml = ["lxml (>=4.0)"]
pathops = ["skia-pathops (>=0.5.0)"]
plot = ["matplotlib"]
repacker = ["uharfbuzz (>=0.23.0)"]
symfont = ["sympy"]
type1 = ["xattr"]
unicode = ["unicodedata2 (>=15.1.0)"]
woff = ["brotli (>=1.0.1)", "brotlicffi (>=0.8.0)", "zopfli (>=0.1.4)"]

[[package]]
name = "gdal"
version = "3.8.4"
description = "GDAL: Geospatial Data Abstraction Library"
optional = false
python-versions = ">=3.6.0"
files = [
    {file = "GDAL-3.8.4.tar.gz", hash = "sha256:7c51e0ae7a7ccf43ad9e4bf435176baa9276653dfa16fd167c3632f6e7275207"},
]

[package.extras]
numpy = ["numpy (>1.0.0)"]

[[package]]
name = "numpy"
version = "2.2.6"
description = "Fundamental package for array computing in Python"
optional = false
python-versions = ">=3.10"
files = [
    {file = "numpy-2.2.6-cp310-cp310-macosx_10_9_x86_64.whl", hash = "sha256:b412caa66f72040e6d268491a59f2c43bf03eb6c96dd8f0307829feb7fa2b6fb"},
    {file = "numpy-2.2.6-cp310-cp310-macosx_11_0_arm64.whl", hash = "sha256:8e41fd67c52b86603a91c1a505ebaef50b3314de0213461c7a6e99c9a3beff90"},
    {file = "numpy-2.2.6-cp310-cp310-macosx_14_0_arm64.whl", hash = "sha256:37e990a01ae6ec7fe7fa1c26c55ecb672dd98b19c3d0e1d1f326fa13cb38d163"},
    {file = "numpy-2.2.6-cp310-cp310-macosx_14_0_x86_64.whl", hash = "sha256:5a6429d4be8ca66d889b7cf70f536a397dc45ba6faeb5f8c5427935d9592e9cf"},
    {file = "numpy-2.2.6-cp310-cp310-manylinux_2_17_aarch64.manylinux2014_aarch64.whl", hash = "sha256:efd28d4e9cd7d7a8d39074a4d44c63eda73401580c5c76acda2ce969e0a38e83"},
    {file = "numpy-2.2.6-cp310-cp310-manylinux_2_17_x86_64.manylinux2014_x86_64.whl", hash = "sha256:fc7b73d02efb0e18c000e9ad8b83480dfcd5dfd11065997ed4c6747470ae8915"},
    {file = "numpy-2.2.6-cp310-cp310-musllinux_1_2_aarch64.whl", hash = "sha256:74d4531beb257d2c3f4b261bfb0fc09e0f9ebb8842d82a7b4209415896adc680"},
    {file = "numpy-2.2.6-cp310-cp310-musllinux_1_2_x86_64.whl", hash = "sha256:8fc377d995680230e83241d8a96def29f204b5782f371c532579b4f20607a289"},
    {file = "numpy-2.2.6-cp310-cp310-win32.whl", hash = "sha256:b093dd74e50a8cba3e873868d9e93a85b78e0daf2e98c6797566ad8044e8363d"},
    {file = "numpy-2.2.6-cp310-cp310-win_amd64.whl", hash = "sha256:f0fd6321b839904e15c46e0d257fdd101dd7f530fe03fd6359c1ea63738703f3"},
    {file = "numpy-2.2.6-cp311-cp311-macosx_10_9_x86_64.whl", hash = "sha256:f9f1adb22318e121c5c69a09142811a201ef17ab257a1e66ca3025065b7f53ae"},
    {file = "numpy-2.2.6-cp311-cp311-macosx_11_0_arm64.whl", hash = "sha256:c820a93b0255bc360f53eca31a0e676fd1101f673dda8da93454a12e23fc5f7a"},
    {file = "numpy-2.2.6-cp311-cp311-macosx_14_0_arm64.whl", hash = "sha256:3d70692235e759f260c3d837193090014aebdf026dfd167834bcba43e30c2a42"},
    {file = "numpy-2.2.6-cp311-cp311-macosx_14_0_x86_64.whl", hash = "sha256:481b49095335f8eed42e39e8041327c05b0f6f4780488f61286ed3c01368d491"},
    {file = "numpy-2.2.6-cp311-cp311-manylinux_2_17_aarch64.manylinux2014_aarch64.whl", hash = "sha256:b64d8d4d17135e00c8e346e0a738deb17e754230d7e0810ac5012750bbd85a5a"},
    {file = "numpy-2.2.6-cp311-cp311-manylinux_2_17_x86_64.manylinux2014_x86_64.whl", hash = "sha256:ba10f8411898fc418a521833e014a77d3ca01c15b0c6cdcce6a0d2897e6dbbdf"},
    {file = "numpy-2.2.6-cp311-cp311-musllinux_1_2_aarch64.whl", hash = "sha256:bd48227a919f1bafbdda0583705e547892342c26fb127219d60a5c36882609d1"},
    {file = "numpy-2.2.6-cp311-cp311-musllinux_1_2_x86_64.whl", hash = "sha256:9551a499bf125c1d4f9e250377c1ee2eddd02e01eac6644c080162c0c51778ab"},
    {file = "numpy-2.2.6-cp311-cp311-win32.whl", hash = "sha256:0678000bb9ac1475cd454c6b8c799206af8107e310843532b04d49649c717a47"},
    {file = "numpy-2.2.6-cp311-cp311-win_amd64.whl", hash = "sha256:e8213002e427c69c45a52bbd94163084025f533a55a59d6f9c5b820774ef3303"},
    {file = "numpy-2.2.6-cp312-cp312-macosx_10_13_x86_64.whl", hash = "sha256:41c5a21f4a04fa86436124d388f6ed60a9343a6f767fced1a8a71c3fbca038ff"},
    {file = "numpy-2.2.6-cp312-cp312-macosx_11_0_arm64.whl", hash = "sha256:de749064336d37e340f640b05f24e9e3dd678c57318c7289d222a8a2f543e90c"},
    {file = "numpy-2.2.6-cp312-cp312-macosx_14_0_arm64.whl", hash = "sha256:894b3a42502226a1cac872f840030665f33326fc3dac8e57c607905773cdcde3"},
    {file = "numpy-2.2.6-cp312-cp312-macosx_14_0_x86_64.whl", hash = "sha256:71594f7c51a18e728451bb50cc60a3ce4e6538822731b2933209a1f3614e9282"},
    {file = "numpy-2.2.6-cp312-cp312-manylinux_2_17_aarch64.manylinux2014_aarch64.whl", hash = "sha256:f2618db89be1b4e05f7a1a847a9c1c0abd63e63a1607d892dd54668dd92faf87"},
    {file = "numpy-2.2.6-cp312-cp312-manylinux_2_17_x86_64.manylinux2014_x86_64.whl", hash = "sha256:fd83c01228a688733f1ded5201c678f0c53ecc1006ffbc404db9f7a899ac6249"},
    {file = "numpy-2.2.6-cp312-cp312-musllinux_1_2_aarch64.whl", hash = "sha256:37c0ca431f82cd5fa716eca9506aefcabc247fb27ba69c5062a6d3ade8cf8f49"},
    {file = "numpy-2.2.6-cp312-cp312-musllinux_1_2_x86_64.whl", hash = "sha256:fe27749d33bb772c80dcd84ae7e8df2adc920ae8297400dabec45f0dedb3f6de"},
    {file = "numpy-2.2.6-cp312-cp312-win32.whl", hash = "sha256:4eeaae00d789f66c7a25ac5f34b71a7035bb474e679f410e5e1a94deb24cf2d4"},
    {file = "numpy-2.2.6-cp312-cp312-win_amd64.whl", hash = "sha256:c1f9540be57940698ed329904db803cf7a402f3fc200bfe599334c9bd84a40b2"},
    {file = "numpy-2.2.6-cp313-cp313-macosx_10_13_x86_64.whl", hash = "sha256:0811bb762109d9708cca4d0b13c4f67146e3c3b7cf8d34018c722adb2d957c84"},
    {file = "numpy-2.2.6-cp313-cp313-macosx_11_0_arm64.whl", hash = "sha256:287cc3162b6f01463ccd86be154f284d0893d2b3ed7292439ea97eafa8170e0b"},
    {file = "numpy-2.2.6-cp313-cp313-macosx_14_0_arm64.whl", hash = "sha256:f1372f041402e37e5e633e586f62aa53de2eac8d98cbfb822806ce4bbefcb74d"},
    {file = "numpy-2.2.6-cp313-cp313-macosx_14_0_x86_64.whl", hash = "sha256:55a4d33fa519660d69614a9fad433be87e5252f4b03850642f88993f7b2ca566"},
    {file = "numpy-2.2.6-cp313-cp313-manylinux_2_17_aarch64.manylinux2014_aarch64.whl", hash = "sha256:f92729c95468a2f4f15e9bb94c432a9229d0d50de67304399627a943201baa2f"},
    {file = "numpy-2.2.6-cp313-cp313-manylinux_2_17_x86_64.manylinux2014_x86_64.whl", hash = "sha256:1bc23a79bfabc5d056d106f9befb8d50c31ced2fbc70eedb8155aec74a45798f"},
    {file = "numpy-2.2.6-cp313-cp313-musllinux_1_2_aarch64.whl", hash = "sha256:e3143e4451880bed956e706a3220b4e5cf6172ef05fcc397f6f36a550b1dd868"},
    {file = "numpy-2.2.6-cp313-cp313-musllinux_1_2_x86_64.whl", hash = "sha256:b4f13750ce79751586ae2eb824ba7e1e8dba64784086c98cdbbcc6a42112ce0d"},
    {file = "numpy-2.2.6-cp313-cp313-win32.whl", hash = "sha256:5beb72339d9d4fa36522fc63802f469b13cdbe4fdab4a288f0c441b74272ebfd"},
    {file = "numpy-2.2.6-cp313-cp313-win_amd64.whl", hash = "sha256:b0544343a702fa80c95ad5d3d608ea3599dd54d4632df855e4c8d24eb6ecfa1c"},
    {file = "numpy-2.2.6-cp313-cp313t-macosx_10_13_x86_64.whl", hash = "sha256:0bca768cd85ae743b2affdc762d617eddf3bcf8724435498a1e80132d04879e6"},
    {file = "numpy-2.2.6-cp313-cp313t-macosx_11_0_arm64.whl", hash = "sha256:fc0c5673685c508a142ca65209b4e79ed6740a4ed6b2267dbba90f34b0b3cfda"},
    {file = "numpy-2.2.6-cp313-cp313t-macosx_14_0_arm64.whl", hash = "sha256:5bd4fc3ac8926b3819797a7c0e2631eb889b4118a9898c84f585a54d475b7e40"},
    {file = "numpy-2.2.6-cp313-cp313t-macosx_14_0_x86_64.whl", hash = "sha256:fee4236c876c4e8369388054d02d0e9bb84821feb1a64dd59e137e6511a551f8"},
    {file = "numpy-2.2.6-cp313-cp313t-manylinux_2_17_aarch64.manylinux2014_aarch64.whl", hash = "sha256:e1dda9c7e08dc141e0247a5b8f49cf05984955246a327d4c48bda16821947b2f"},
    {file = "numpy-2.2.6-cp313-cp313t-manylinux_2_17_x86_64.manylinux2014_x86_64.whl", hash = "sha256:f447e6acb680fd307f40d3da4852208af94afdfab89cf850986c3ca00562f4fa"},
    {file = "numpy-2.2.6-cp313-cp313t-musllinux_1_2_aarch64.whl", hash = "sha256:389d771b1623ec92636b0786bc4ae56abafad4a4c513d36a55dce14bd9ce8571"},
    {file = "numpy-2.2.6-cp313-cp313t-musllinux_1_2_x86_64.whl", hash = "sha256:8e9ace4a37db23421249ed236fdcdd457d671e25146786dfc96835cd951aa7c1"},
    {file = "numpy-2.2.6-cp313-cp313t-win32.whl", hash = "sha256:038613e9fb8c72b0a41f025a7e4c3f0b7a1b5d768ece4796b674c8f3fe13efff"},
    {file = "numpy-2.2.6-cp313-cp313t-win_amd64.whl", hash = "sha256:6031dd6dfecc0cf9f668681a37648373bddd6421fff6c66ec1624eed0180ee06"},
    {file = "numpy-2.2.6-pp310-pypy310_pp73-macosx_10_15_x86_64.whl", hash = "sha256:0b605b275d7bd0c640cad4e5d30fa701a8d59302e127e5f79138ad62762c3e3d"},
    {file = "numpy-2.2.6-pp310-pypy310_pp73-macosx_14_0_x86_64.whl", hash = "sha256:7befc596a7dc9da8a337f79802ee8adb30a552a94f792b9c9d18c840055907db"},
    {file = "numpy-2.2.6-pp310-pypy310_pp73-manylinux_2_17_x86_64.manylinux2014_x86_64.whl", hash = "sha256:ce47521a4754c8f4593837384bd3424880629f718d87c5d44f8ed763edd63543"},
    {file = "numpy-2.2.6-pp310-pypy310_pp73-win_amd64.whl", hash = "sha256:d042d24c90c41b54fd506da306759e06e568864df8ec17ccc17e9e884634fd00"},
    {file = "numpy-2.2.6.tar.gz", hash = "sha256:e29554e2bef54a90aa5cc07da6ce955accb83f21ab5de01a62c8478897b264fd"},
]

[[package]]
name = "pyparsing"
version = "3.2.3"
description = "pyparsing module - Classes and methods to define and execute parsing grammars"
optional = false
python-versions = ">=3.9"
files = [
    {file = "pyparsing-3.2.3-py3-none-any.whl", hash = "sha256:a749938e02d6fd0b59b356ca504a24982314bb090c383e3cf201c95ef7e2bfcf"},
    {file = "pyparsing-3.2.3.tar.gz", hash = "sha256:b9c13f1ab8b3b542f72e28f634bad4de758ab3ce4546e4301970ad6fa77c38be"},
]

[package.extras]
diagrams = ["jinja2", "railroad-diagrams"]

[[package]]
name = "typing-extensions"
version = "4.14.1"
description = "Backported and Experimental Type Hints for Python 3.9+"
optional = false
python-versions = ">=3.9"
files = [
    {file = "typing_extensions-4.14.1-py3-none-any.whl", hash = "sha256:d1e1e3b58374dc93031d6eda2420a48ea44a36c2b4766a4fdeb3710755731d76"},
    {file = "typing_extensions-4.14.1.tar.gz", hash = "sha256:38b39f4aeeab64884ce9f74c94263ef78f3c22467c8724005483154c26648d36"},
]

[metadata]
lock-version = "2.0"
python-versions = "3.11.*"
content-hash = "2682894b841066c9cf2a3f367121a9a73663111ca871407341b3e07c8dcbec64"
