# This file is automatically @generated by Poetry 1.8.2 and should not be changed by hand.

[[package]]
name = "aspose-cad"
version = "25.4.1.0"
description = "Aspose.CAD for Python is a CAD and BIM drawings Processing library that allows developers to modify, convert and publish various drawing and image formats without need to have any other CAD software."
optional = false
python-versions = "<3.13,>=3.5"
files = [
    {file = "aspose_cad-25.4.1.0-py3-none-macosx_11_0_arm64.whl", hash = "sha256:e473dac5389d36d6f4a247c6fc305409e39da179574aa850c71e47326603cd10"},
]

[[package]]
name = "gdal"
version = "3.3.0"
description = "GDAL: Geospatial Data Abstraction Library"
optional = false
python-versions = ">=3.6.0"
files = [
    {file = "GDAL-3.3.0.tar.gz", hash = "sha256:ed314a0b3f8b3729a9f6d8ca23f21473c2ff4a946d1a2969e0a1937bf0f4e700"},
]

[package.extras]
numpy = ["numpy (>1.0.0)"]

[metadata]
lock-version = "2.0"
python-versions = ">=3.12,<3.13"
content-hash = "697814e75e775ad7e7902d013ab74c98812bdbb91480377126471520c1d266eb"
